
Microsoft Visual Studio Solution File, Format Version 12.00
# Visual Studio Version 17
VisualStudioVersion = 17.2.32516.85
MinimumVisualStudioVersion = 10.0.40219.1
Project("{FAE04EC0-301F-11D3-BF4B-00C04F79EFBC}") = "ExampleAuthMiddleware", "ExampleAuthMiddleware\ExampleAuthMiddleware.csproj", "{D10A18B9-D976-4506-B1D0-1CA3E93BAD04}"
EndProject
Global
	GlobalSection(SolutionConfigurationPlatforms) = preSolution
		Debug|Any CPU = Debug|Any CPU
		Release|Any CPU = Release|Any CPU
	EndGlobalSection
	GlobalSection(ProjectConfigurationPlatforms) = postSolution
		{D10A18B9-D976-4506-B1D0-1CA3E93BAD04}.Debug|Any CPU.ActiveCfg = Debug|Any CPU
		{D10A18B9-D976-4506-B1D0-1CA3E93BAD04}.Debug|Any CPU.Build.0 = Debug|Any CPU
		{D10A18B9-D976-4506-B1D0-1CA3E93BAD04}.Release|Any CPU.ActiveCfg = Release|Any CPU
		{D10A18B9-D976-4506-B1D0-1CA3E93BAD04}.Release|Any CPU.Build.0 = Release|Any CPU
	EndGlobalSection
	GlobalSection(SolutionProperties) = preSolution
		HideSolutionNode = FALSE
	EndGlobalSection
	GlobalSection(ExtensibilityGlobals) = postSolution
		SolutionGuid = {0B225A31-55AD-4D0A-BE8A-1150351530E2}
	EndGlobalSection
EndGlobal
